
Microsoft Visual Studio Solution File, Format Version 12.00
# Visual Studio Version 17
VisualStudioVersion = 17.4.33403.182
MinimumVisualStudioVersion = 10.0.40219.1
Project("{FAE04EC0-301F-11D3-BF4B-00C04F79EFBC}") = "Galaga", "Galaga\Galaga.csproj", "{5549693B-CE0A-4EAD-A5BE-96BB33A267A4}"
EndProject
Global
	GlobalSection(SolutionConfigurationPlatforms) = preSolution
		Debug|Any CPU = Debug|Any CPU
		Release|Any CPU = Release|Any CPU
	EndGlobalSection
	GlobalSection(ProjectConfigurationPlatforms) = postSolution
		{5549693B-CE0A-4EAD-A5BE-96BB33A267A4}.Debug|Any CPU.ActiveCfg = Debug|Any CPU
		{5549693B-CE0A-4EAD-A5BE-96BB33A267A4}.Debug|Any CPU.Build.0 = Debug|Any CPU
		{5549693B-CE0A-4EAD-A5BE-96BB33A267A4}.Release|Any CPU.ActiveCfg = Release|Any CPU
		{5549693B-CE0A-4EAD-A5BE-96BB33A267A4}.Release|Any CPU.Build.0 = Release|Any CPU
	EndGlobalSection
	GlobalSection(SolutionProperties) = preSolution
		HideSolutionNode = FALSE
	EndGlobalSection
	GlobalSection(ExtensibilityGlobals) = postSolution
		SolutionGuid = {5792F2EA-FB85-49B1-84DA-9B2E1D9EFC27}
	EndGlobalSection
EndGlobal
